// !$*UTF8*$!
{
	archiveVersion = 1;
	classes = {
	};
	objectVersion = 46;
	objects = {

/* Begin PBXBuildFile section */
		835D34911E38DABE0059EF63 /* DefinitionViewController.swift in Sources */ = {isa = PBXBuildFile; fileRef = 835D34901E38DABE0059EF63 /* DefinitionViewController.swift */; };
		8397DDCE1E37A42700E0A0FE /* AppDelegate.swift in Sources */ = {isa = PBXBuildFile; fileRef = 8397DDCD1E37A42700E0A0FE /* AppDelegate.swift */; };
		8397DDD01E37A42700E0A0FE /* ViewController.swift in Sources */ = {isa = PBXBuildFile; fileRef = 8397DDCF1E37A42700E0A0FE /* ViewController.swift */; };
		8397DDD31E37A42700E0A0FE /* Main.storyboard in Resources */ = {isa = PBXBuildFile; fileRef = 8397DDD11E37A42700E0A0FE /* Main.storyboard */; };
		8397DDD51E37A42700E0A0FE /* Assets.xcassets in Resources */ = {isa = PBXBuildFile; fileRef = 8397DDD41E37A42700E0A0FE /* Assets.xcassets */; };
		8397DDD81E37A42700E0A0FE /* LaunchScreen.storyboard in Resources */ = {isa = PBXBuildFile; fileRef = 8397DDD61E37A42700E0A0FE /* LaunchScreen.storyboard */; };
/* End PBXBuildFile section */

/* Begin PBXFileReference section */
		835D34901E38DABE0059EF63 /* DefinitionViewController.swift */ = {isa = PBXFileReference; fileEncoding = 4; lastKnownFileType = sourcecode.swift; path = DefinitionViewController.swift; sourceTree = "<group>"; };
		8397DDCA1E37A42700E0A0FE /* Emoji book.app */ = {isa = PBXFileReference; explicitFileType = wrapper.application; includeInIndex = 0; path = "Emoji book.app"; sourceTree = BUILT_PRODUCTS_DIR; };
		8397DDCD1E37A42700E0A0FE /* AppDelegate.swift */ = {isa = PBXFileReference; lastKnownFileType = sourcecode.swift; path = AppDelegate.swift; sourceTree = "<group>"; };
		8397DDCF1E37A42700E0A0FE /* ViewController.swift */ = {isa = PBXFileReference; lastKnownFileType = sourcecode.swift; path = ViewController.swift; sourceTree = "<group>"; };
		8397DDD21E37A42700E0A0FE /* Base */ = {isa = PBXFileReference; lastKnownFileType = file.storyboard; name = Base; path = Base.lproj/Main.storyboard; sourceTree = "<group>"; };
		8397DDD41E37A42700E0A0FE /* Assets.xcassets */ = {isa = PBXFileReference; lastKnownFileType = folder.assetcatalog; path = Assets.xcassets; sourceTree = "<group>"; };
		8397DDD71E37A42700E0A0FE /* Base */ = {isa = PBXFileReference; lastKnownFileType = file.storyboard; name = Base; path = Base.lproj/LaunchScreen.storyboard; sourceTree = "<group>"; };
		8397DDD91E37A42700E0A0FE /* Info.plist */ = {isa = PBXFileReference; lastKnownFileType = text.plist.xml; path = Info.plist; sourceTree = "<group>"; };
/* End PBXFileReference section */

/* Begin PBXFrameworksBuildPhase section */
		8397DDC71E37A42700E0A0FE /* Frameworks */ = {
			isa = PBXFrameworksBuildPhase;
			buildActionMask = 2147483647;
			files = (
			);
			runOnlyForDeploymentPostprocessing = 0;
		};
/* End PBXFrameworksBuildPhase section */

/* Begin PBXGroup section */
		8397DDC11E37A42700E0A0FE = {
			isa = PBXGroup;
			children = (
				8397DDCC1E37A42700E0A0FE /* Emoji book */,
				8397DDCB1E37A42700E0A0FE /* Products */,
			);
			sourceTree = "<group>";
		};
		8397DDCB1E37A42700E0A0FE /* Products */ = {
			isa = PBXGroup;
			children = (
				8397DDCA1E37A42700E0A0FE /* Emoji book.app */,
			);
			name = Products;
			sourceTree = "<group>";
		};
		8397DDCC1E37A42700E0A0FE /* Emoji book */ = {
			isa = PBXGroup;
			children = (
				8397DDCD1E37A42700E0A0FE /* AppDelegate.swift */,
				8397DDCF1E37A42700E0A0FE /* ViewController.swift */,
				835D34901E38DABE0059EF63 /* DefinitionViewController.swift */,
				8397DDD11E37A42700E0A0FE /* Main.storyboard */,
				8397DDD41E37A42700E0A0FE /* Assets.xcassets */,
				8397DDD61E37A42700E0A0FE /* LaunchScreen.storyboard */,
				8397DDD91E37A42700E0A0FE /* Info.plist */,
			);
			path = "Emoji book";
			sourceTree = "<group>";
		};
/* End PBXGroup section */

/* Begin PBXNativeTarget section */
		8397DDC91E37A42700E0A0FE /* Emoji book */ = {
			isa = PBXNativeTarget;
			buildConfigurationList = 8397DDDC1E37A42700E0A0FE /* Build configuration list for PBXNativeTarget "Emoji book" */;
			buildPhases = (
				8397DDC61E37A42700E0A0FE /* Sources */,
				8397DDC71E37A42700E0A0FE /* Frameworks */,
				8397DDC81E37A42700E0A0FE /* Resources */,
			);
			buildRules = (
			);
			dependencies = (
			);
			name = "Emoji book";
			productName = "Emoji book";
			productReference = 8397DDCA1E37A42700E0A0FE /* Emoji book.app */;
			productType = "com.apple.product-type.application";
		};
/* End PBXNativeTarget section */

/* Begin PBXProject section */
		8397DDC21E37A42700E0A0FE /* Project object */ = {
			isa = PBXProject;
			attributes = {
				LastSwiftUpdateCheck = 0820;
				LastUpgradeCheck = 0820;
				ORGANIZATIONNAME = "Timothy Sparrow";
				TargetAttributes = {
					8397DDC91E37A42700E0A0FE = {
						CreatedOnToolsVersion = 8.2.1;
						DevelopmentTeam = U4A64Q84NC;
						ProvisioningStyle = Automatic;
					};
				};
			};
			buildConfigurationList = 8397DDC51E37A42700E0A0FE /* Build configuration list for PBXProject "Emoji book" */;
			compatibilityVersion = "Xcode 3.2";
			developmentRegion = English;
			hasScannedForEncodings = 0;
			knownRegions = (
				en,
				Base,
			);
			mainGroup = 8397DDC11E37A42700E0A0FE;
			productRefGroup = 8397DDCB1E37A42700E0A0FE /* Products */;
			projectDirPath = "";
			projectRoot = "";
			targets = (
				8397DDC91E37A42700E0A0FE /* Emoji book */,
			);
		};
/* End PBXProject section */

/* Begin PBXResourcesBuildPhase section */
		8397DDC81E37A42700E0A0FE /* Resources */ = {
			isa = PBXResourcesBuildPhase;
			buildActionMask = 2147483647;
			files = (
				8397DDD81E37A42700E0A0FE /* LaunchScreen.storyboard in Resources */,
				8397DDD51E37A42700E0A0FE /* Assets.xcassets in Resources */,
				8397DDD31E37A42700E0A0FE /* Main.storyboard in Resources */,
			);
			runOnlyForDeploymentPostprocessing = 0;
		};
/* End PBXResourcesBuildPhase section */

/* Begin PBXSourcesBuildPhase section */
		8397DDC61E37A42700E0A0FE /* Sources */ = {
			isa = PBXSourcesBuildPhase;
			buildActionMask = 2147483647;
			files = (
				8397DDD01E37A42700E0A0FE /* ViewController.swift in Sources */,
				835D34911E38DABE0059EF63 /* DefinitionViewController.swift in Sources */,
				8397DDCE1E37A42700E0A0FE /* AppDelegate.swift in Sources */,
			);
			runOnlyForDeploymentPostprocessing = 0;
		};
/* End PBXSourcesBuildPhase section */

/* Begin PBXVariantGroup section */
		8397DDD11E37A42700E0A0FE /* Main.storyboard */ = {
			isa = PBXVariantGroup;
			children = (
				8397DDD21E37A42700E0A0FE /* Base */,
			);
			name = Main.storyboard;
			sourceTree = "<group>";
		};
		8397DDD61E37A42700E0A0FE /* LaunchScreen.storyboard */ = {
			isa = PBXVariantGroup;
			children = (
				8397DDD71E37A42700E0A0FE /* Base */,
			);
			name = LaunchScreen.storyboard;
			sourceTree = "<group>";
		};
/* End PBXVariantGroup section */

/* Begin XCBuildConfiguration section */
		8397DDDA1E37A42700E0A0FE /* Debug */ = {
			isa = XCBuildConfiguration;
			buildSettings = {
				ALWAYS_SEARCH_USER_PATHS = NO;
				CLANG_ANALYZER_NONNULL = YES;
				CLANG_CXX_LANGUAGE_STANDARD = "gnu++0x";
				CLANG_CXX_LIBRARY = "libc++";
				CLANG_ENABLE_MODULES = YES;
				CLANG_ENABLE_OBJC_ARC = YES;
				CLANG_WARN_BOOL_CONVERSION = YES;
				CLANG_WARN_CONSTANT_CONVERSION = YES;
				CLANG_WARN_DIRECT_OBJC_ISA_USAGE = YES_ERROR;
				CLANG_WARN_DOCUMENTATION_COMMENTS = YES;
				CLANG_WARN_EMPTY_BODY = YES;
				CLANG_WARN_ENUM_CONVERSION = YES;
				CLANG_WARN_INFINITE_RECURSION = YES;
				CLANG_WARN_INT_CONVERSION = YES;
				CLANG_WARN_OBJC_ROOT_CLASS = YES_ERROR;
				CLANG_WARN_SUSPICIOUS_MOVE = YES;
				CLANG_WARN_UNREACHABLE_CODE = YES;
				CLANG_WARN__DUPLICATE_METHOD_MATCH = YES;
				"CODE_SIGN_IDENTITY[sdk=iphoneos*]" = "iPhone Developer";
				COPY_PHASE_STRIP = NO;
				DEBUG_INFORMATION_FORMAT = dwarf;
				ENABLE_STRICT_OBJC_MSGSEND = YES;
				ENABLE_TESTABILITY = YES;
				GCC_C_LANGUAGE_STANDARD = gnu99;
				GCC_DYNAMIC_NO_PIC = NO;
				GCC_NO_COMMON_BLOCKS = YES;
				GCC_OPTIMIZATION_LEVEL = 0;
				GCC_PREPROCESSOR_DEFINITIONS = (
					"DEBUG=1",
					"$(inherited)",
				);
				GCC_WARN_64_TO_32_BIT_CONVERSION = YES;
				GCC_WARN_ABOUT_RETURN_TYPE = YES_ERROR;
				GCC_WARN_UNDECLARED_SELECTOR = YES;
				GCC_WARN_UNINITIALIZED_AUTOS = YES_AGGRESSIVE;
				GCC_WARN_UNUSED_FUNCTION = YES;
				GCC_WARN_UNUSED_VARIABLE = YES;
				IPHONEOS_DEPLOYMENT_TARGET = 10.2;
				MTL_ENABLE_DEBUG_INFO = YES;
				ONLY_ACTIVE_ARCH = YES;
				SDKROOT = iphoneos;
				SWIFT_ACTIVE_COMPILATION_CONDITIONS = DEBUG;
				SWIFT_OPTIMIZATION_LEVEL = "-Onone";
				TARGETED_DEVICE_FAMILY = "1,2";
			};
			name = Debug;
		};
		8397DDDB1E37A42700E0A0FE /* Release */ = {
			isa = XCBuildConfiguration;
			buildSettings = {
				ALWAYS_SEARCH_USER_PATHS = NO;
				CLANG_ANALYZER_NONNULL = YES;
				CLANG_CXX_LANGUAGE_STANDARD = "gnu++0x";
				CLANG_CXX_LIBRARY = "libc++";
				CLANG_ENABLE_MODULES = YES;
				CLANG_ENABLE_OBJC_ARC = YES;
				CLANG_WARN_BOOL_CONVERSION = YES;
				CLANG_WARN_CONSTANT_CONVERSION = YES;
				CLANG_WARN_DIRECT_OBJC_ISA_USAGE = YES_ERROR;
				CLANG_WARN_DOCUMENTATION_COMMENTS = YES;
				CLANG_WARN_EMPTY_BODY = YES;
				CLANG_WARN_ENUM_CONVERSION = YES;
				CLANG_WARN_INFINITE_RECURSION = YES;
				CLANG_WARN_INT_CONVERSION = YES;
				CLANG_WARN_OBJC_ROOT_CLASS = YES_ERROR;
				CLANG_WARN_SUSPICIOUS_MOVE = YES;
				CLANG_WARN_UNREACHABLE_CODE = YES;
				CLANG_WARN__DUPLICATE_METHOD_MATCH = YES;
				"CODE_SIGN_IDENTITY[sdk=iphoneos*]" = "iPhone Developer";
				COPY_PHASE_STRIP = NO;
				DEBUG_INFORMATION_FORMAT = "dwarf-with-dsym";
				ENABLE_NS_ASSERTIONS = NO;
				ENABLE_STRICT_OBJC_MSGSEND = YES;
				GCC_C_LANGUAGE_STANDARD = gnu99;
				GCC_NO_COMMON_BLOCKS = YES;
				GCC_WARN_64_TO_32_BIT_CONVERSION = YES;
				GCC_WARN_ABOUT_RETURN_TYPE = YES_ERROR;
				GCC_WARN_UNDECLARED_SELECTOR = YES;
				GCC_WARN_UNINITIALIZED_AUTOS = YES_AGGRESSIVE;
				GCC_WARN_UNUSED_FUNCTION = YES;
				GCC_WARN_UNUSED_VARIABLE = YES;
				IPHONEOS_DEPLOYMENT_TARGET = 10.2;
				MTL_ENABLE_DEBUG_INFO = NO;
				SDKROOT = iphoneos;
				SWIFT_OPTIMIZATION_LEVEL = "-Owholemodule";
				TARGETED_DEVICE_FAMILY = "1,2";
				VALIDATE_PRODUCT = YES;
			};
			name = Release;
		};
		8397DDDD1E37A42700E0A0FE /* Debug */ = {
			isa = XCBuildConfiguration;
			buildSettings = {
				ASSETCATALOG_COMPILER_APPICON_NAME = AppIcon;
				"CODE_SIGN_IDENTITY[sdk=iphoneos*]" = "iPhone Developer";
				DEVELOPMENT_TEAM = U4A64Q84NC;
				INFOPLIST_FILE = "Emoji book/Info.plist";
				IPHONEOS_DEPLOYMENT_TARGET = 10.2;
				LD_RUNPATH_SEARCH_PATHS = "$(inherited) @executable_path/Frameworks";
				PRODUCT_BUNDLE_IDENTIFIER = "com.osteopathy4u.Emoji-book";
				PRODUCT_NAME = "$(TARGET_NAME)";
				SWIFT_VERSION = 3.0;
			};
			name = Debug;
		};
		8397DDDE1E37A42700E0A0FE /* Release */ = {
			isa = XCBuildConfiguration;
			buildSettings = {
				ASSETCATALOG_COMPILER_APPICON_NAME = AppIcon;
				"CODE_SIGN_IDENTITY[sdk=iphoneos*]" = "iPhone Developer";
				DEVELOPMENT_TEAM = U4A64Q84NC;
				INFOPLIST_FILE = "Emoji book/Info.plist";
				IPHONEOS_DEPLOYMENT_TARGET = 10.2;
				LD_RUNPATH_SEARCH_PATHS = "$(inherited) @executable_path/Frameworks";
				PRODUCT_BUNDLE_IDENTIFIER = "com.osteopathy4u.Emoji-book";
				PRODUCT_NAME = "$(TARGET_NAME)";
				SWIFT_VERSION = 3.0;
			};
			name = Release;
		};
/* End XCBuildConfiguration section */

/* Begin XCConfigurationList section */
		8397DDC51E37A42700E0A0FE /* Build configuration list for PBXProject "Emoji book" */ = {
			isa = XCConfigurationList;
			buildConfigurations = (
				8397DDDA1E37A42700E0A0FE /* Debug */,
				8397DDDB1E37A42700E0A0FE /* Release */,
			);
			defaultConfigurationIsVisible = 0;
			defaultConfigurationName = Release;
		};
		8397DDDC1E37A42700E0A0FE /* Build configuration list for PBXNativeTarget "Emoji book" */ = {
			isa = XCConfigurationList;
			buildConfigurations = (
				8397DDDD1E37A42700E0A0FE /* Debug */,
				8397DDDE1E37A42700E0A0FE /* Release */,
			);
			defaultConfigurationIsVisible = 0;
			defaultConfigurationName = Release;
		};
/* End XCConfigurationList section */
	};
	rootObject = 8397DDC21E37A42700E0A0FE /* Project object */;
}
